dependencies:
  espressif/button:
    component_hash: 15e72801fa660db264e2f07e6ab2f95e4dcd6f5b92e79606be64251ddc4eaa09
    dependencies:
    - name: idf
      require: private
      version: '>=4.0'
    - name: espressif/cmake_utilities
      registry_url: https://components.espressif.com
      require: private
      version: 0.*
    source:
      registry_url: https://components.espressif.com/
      type: service
    version: 3.0.0
  espressif/cmake_utilities:
    component_hash: 351350613ceafba240b761b4ea991e0f231ac7a9f59a9ee901f751bddc0bb18f
    dependencies:
    - name: idf
      require: private
      version: '>=4.1'
    source:
      registry_url: https://components.espressif.com
      type: service
    version: 0.5.3
  espressif/esp-box-3:
    component_hash: 9afc6dd09f779dfc9f7b1b15f129b5dbed6235a20c5991a4d30304c8705a48f4
    dependencies:
    - name: espressif/button
      registry_url: https://components.espressif.com
      require: public
      version: '>=2.5'
    - name: espressif/esp_codec_dev
      registry_url: https://components.espressif.com
      require: public
      version: ^1,<1.2
    - name: espressif/esp_lcd_ili9341
      registry_url: https://components.espressif.com
      require: private
      version: ^1
    - name: espressif/esp_lcd_touch_gt911
      registry_url: https://components.espressif.com
      require: private
      version: ^1
    - name: espressif/esp_lcd_touch_tt21100
      registry_url: https://components.espressif.com
      require: private
      version: ^1
    - name: idf
      require: private
      version: '>=4.4.5'
    - name: espressif/esp_lvgl_port
      registry_url: https://components.espressif.com
      require: public
      version: ^2
    - name: espressif/icm42670
      registry_url: https://components.espressif.com
      require: public
      version: ^1
    source:
      registry_url: https://components.espressif.com/
      type: service
    targets:
    - esp32s3
    version: 1.2.0~2
  espressif/esp-dsp:
    component_hash: 619639efc18cfa361a9e423739b9b0ffc14991effc6c027f955c2f2c3bf1754b
    dependencies:
    - name: idf
      require: private
      version: '>=4.2'
    source:
      registry_url: https://components.espressif.com
      type: service
    version: 1.6.0
  espressif/esp-sr:
    component_hash: 48367fe1cbdd9ce658d59562c859ccbdec98c09cbd57902a56108e7843f9a692
    dependencies:
    - name: espressif/esp-dsp
      registry_url: https://components.espressif.com
      require: private
      version: 1.6.0
    - name: idf
      require: private
      version: '>=5.0'
    source:
      registry_url: https://components.espressif.com/
      type: service
    version: 2.0.5
  espressif/esp_codec_dev:
    component_hash: 1a3a2e518cd8b52e8796ec393a4050977f8f113599056faf085a02a57e194f86
    dependencies:
    - name: idf
      require: private
      version: '>=4.0'
    source:
      registry_url: https://components.espressif.com/
      type: service
    version: 1.1.0
  espressif/esp_lcd_ili9341:
    component_hash: 31f1b793aa2110dd2ae071c21ccbff0a4eb20d9a4ee40b6294c0dc0ad9552c4e
    dependencies:
    - name: idf
      require: private
      version: '>=4.4'
    - name: espressif/cmake_utilities
      registry_url: https://components.espressif.com
      require: private
      version: 0.*
    source:
      registry_url: https://components.espressif.com
      type: service
    version: 1.2.0
  espressif/esp_lcd_touch:
    component_hash: 779b4ba2464a3ae85681e4b860caa5fdc35801458c23f3039ee761bae7f442a4
    dependencies:
    - name: idf
      require: private
      version: '>=4.4.2'
    source:
      registry_url: https://components.espressif.com
      type: service
    version: 1.1.2
  espressif/esp_lcd_touch_gt911:
    component_hash: acc1c184358aa29ef72506f618c9c76a8cc2bf12af38a2bff3d44d84f3a08857
    dependencies:
    - name: espressif/esp_lcd_touch
      registry_url: https://components.espressif.com
      require: public
      version: ^1.1.0
    - name: idf
      require: private
      version: '>=4.4.2'
    source:
      registry_url: https://components.espressif.com
      type: service
    version: 1.1.3
  espressif/esp_lcd_touch_tt21100:
    component_hash: 31894c5572927cb2dc65e5087572c4bd71d572fda3ef7e3320cb735af228c423
    dependencies:
    - name: espressif/esp_lcd_touch
      registry_url: https://components.espressif.com
      require: public
      version: ^1.1.0
    - name: idf
      require: private
      version: '>=4.4.2'
    source:
      registry_url: https://components.espressif.com
      type: service
    version: 1.1.1
  espressif/esp_lvgl_port:
    component_hash: e720c95cf0667554a204591bb5fade4655fb2990465557041200fa44b5bc7556
    dependencies:
    - name: idf
      require: private
      version: '>=4.4'
    - name: lvgl/lvgl
      registry_url: https://components.espressif.com
      require: public
      version: '>=8,<10'
    source:
      registry_url: https://components.espressif.com
      type: service
    version: 2.6.0
  espressif/icm42670:
    component_hash: 3327870e7a125e7278f318297726138278f0cda2898f2461c01af0423d4afcda
    dependencies:
    - name: idf
      require: private
      version: '>=4.4'
    source:
      registry_url: https://components.espressif.com
      type: service
    version: 1.0.0
  espressif/qrcode:
    component_hash: 3b493771bc5d6ad30cbf87c25bf784aada8a08c941504355b55d6b75518ed7bc
    dependencies: []
    source:
      registry_url: https://components.espressif.com/
      type: service
    version: 0.1.0~2
  idf:
    source:
      type: idf
    version: 5.0.8
  lvgl/lvgl:
    component_hash: 096c69af22eaf8a2b721e3913da91918c5e6bf1a762a113ec01f401aa61337a0
    dependencies: []
    source:
      registry_url: https://components.espressif.com
      type: service
    version: 9.2.2
direct_dependencies:
- espressif/button
- espressif/esp-box-3
- espressif/esp-sr
- espressif/esp_codec_dev
- espressif/qrcode
- idf
manifest_hash: 76c87af242d30ffae45099aff8846e8ff5c7e5dc650180813e81824a837bcee1
target: esp32s3
version: 2.0.0
